
Microsoft Visual Studio Solution File, Format Version 12.00
# Visual Studio 15
VisualStudioVersion = 15.0.26730.15
MinimumVisualStudioVersion = 10.0.40219.1
Project("{9A19103F-16F7-4668-BE54-9A1E7A4F7556}") = "StankinsInterfaces", "StankinsInterfaces\StankinsInterfaces.csproj", "{A8FD3C16-D79D-478C-9BC3-6E44F9684553}"
EndProject
Project("{9A19103F-16F7-4668-BE54-9A1E7A4F7556}") = "StanskinsImplementation", "StanskinsImplementation\StanskinsImplementation.csproj", "{E14DD57C-8E88-4E76-88E5-0AD3BBB4899D}"
EndProject
Project("{9A19103F-16F7-4668-BE54-9A1E7A4F7556}") = "ConsoleApp1", "ConsoleApp1\ConsoleApp1.csproj", "{CFFDC8EB-BCD8-46C2-B316-3B615738B543}"
EndProject
Project("{9A19103F-16F7-4668-BE54-9A1E7A4F7556}") = "ReceiverDB", "ReceiverDB\ReceiverDB.csproj", "{683B8B47-28A6-4CDB-A2C9-2620DDAD7E06}"
	ProjectSection(ProjectDependencies) = postProject
		{68199586-1576-4C30-9CE6-0FFCAAD820C9} = {68199586-1576-4C30-9CE6-0FFCAAD820C9}
	EndProjectSection
EndProject
Project("{9A19103F-16F7-4668-BE54-9A1E7A4F7556}") = "ReceiverDBSQLite", "ReceiverDBSQLite\ReceiverDBSQLite.csproj", "{B0563678-25C3-492B-9B70-7AAC03DC5228}"
EndProject
Project("{9A19103F-16F7-4668-BE54-9A1E7A4F7556}") = "StankinsTests", "StankinsTests\StankinsTests.csproj", "{A831FA87-BF5E-495A-BCC0-AF3602940113}"
EndProject
Project("{9A19103F-16F7-4668-BE54-9A1E7A4F7556}") = "ReceiverDBSqlServer", "ReceiverDBSqlServer\ReceiverDBSqlServer.csproj", "{7D6B21D8-3C27-48DB-976B-639CAE1120FB}"
EndProject
Project("{9A19103F-16F7-4668-BE54-9A1E7A4F7556}") = "SenderElasticSearch", "SenderElasticSearch\SenderElasticSearch.csproj", "{61817849-19B8-4A5F-8B41-14AB279CADE9}"
EndProject
Project("{9A19103F-16F7-4668-BE54-9A1E7A4F7556}") = "RazorCompile", "RazorCompile\RazorCompile.csproj", "{144231F1-60F3-4B7A-9DFB-BA26DC4A71C6}"
	ProjectSection(ProjectDependencies) = postProject
		{68199586-1576-4C30-9CE6-0FFCAAD820C9} = {68199586-1576-4C30-9CE6-0FFCAAD820C9}
	EndProjectSection
EndProject
Project("{9A19103F-16F7-4668-BE54-9A1E7A4F7556}") = "ReceiverBookmarkExportChrome", "ReceiverBookmarkExportChrome\ReceiverBookmarkExportChrome.csproj", "{F725DA3D-5BB7-4689-9400-C2FC712D4343}"
	ProjectSection(ProjectDependencies) = postProject
		{68199586-1576-4C30-9CE6-0FFCAAD820C9} = {68199586-1576-4C30-9CE6-0FFCAAD820C9}
	EndProjectSection
EndProject
Project("{9A19103F-16F7-4668-BE54-9A1E7A4F7556}") = "ReceiverFile", "ReceiverFile\ReceiverFile.csproj", "{E8020EF2-A945-4780-8E8E-50423A662177}"
EndProject
Project("{9A19103F-16F7-4668-BE54-9A1E7A4F7556}") = "SenderDBInflux", "SenderDBInflux\SenderDBInflux.csproj", "{19DD0C36-3553-49E5-A2FF-E8A44DA39653}"
EndProject
Project("{9A19103F-16F7-4668-BE54-9A1E7A4F7556}") = "SenderHTML", "SenderHTML\SenderHTML.csproj", "{BAF69281-A936-438C-9246-549097A237DC}"
EndProject
Project("{9A19103F-16F7-4668-BE54-9A1E7A4F7556}") = "StankinsSimpleFactory", "StankinsSimpleFactory\StankinsSimpleFactory.csproj", "{E0D603B5-2ABB-4907-BD2B-C9A90C09A7A4}"
EndProject
Project("{9A19103F-16F7-4668-BE54-9A1E7A4F7556}") = "StankinsSimpleJob", "StankinsSimpleJob\StankinsSimpleJob.csproj", "{B21EAEB4-5C58-42E8-B608-FB28CFC558D1}"
EndProject
Project("{9A19103F-16F7-4668-BE54-9A1E7A4F7556}") = "Transformers", "Transformers\Transformers.csproj", "{4161B15B-6EA7-42D3-ADC4-BC93D17386B0}"
EndProject
Project("{9A19103F-16F7-4668-BE54-9A1E7A4F7556}") = "ReceiverCSV", "ReceiverCSV\ReceiverCSV.csproj", "{FB949DD7-4F01-4607-A679-A6E7220A5C63}"
	ProjectSection(ProjectDependencies) = postProject
		{68199586-1576-4C30-9CE6-0FFCAAD820C9} = {68199586-1576-4C30-9CE6-0FFCAAD820C9}
	EndProjectSection
EndProject
Project("{9A19103F-16F7-4668-BE54-9A1E7A4F7556}") = "ReiceverDBStmtSqlServer", "ReiceverDBStmtSqlServer\ReiceverDBStmtSqlServer.csproj", "{B5FC4445-94ED-49BB-AC51-59D8EECB83F2}"
EndProject
Project("{9A19103F-16F7-4668-BE54-9A1E7A4F7556}") = "SenderSMTP", "SenderSMTP\SenderSMTP.csproj", "{29E81A69-4CC3-4475-8175-0083E695AB26}"
EndProject
Project("{9A19103F-16F7-4668-BE54-9A1E7A4F7556}") = "SenderDBStmtSqlServer", "SenderDBStmtSqlServer\SenderDBStmtSqlServer.csproj", "{BD8AF64B-502A-41B5-9F8D-A3E332C87B09}"
EndProject
Project("{9A19103F-16F7-4668-BE54-9A1E7A4F7556}") = "MediaTransform", "MediaTransform\MediaTransform.csproj", "{6B1A50B3-BE83-4441-81B7-84CD46AF10C1}"
	ProjectSection(ProjectDependencies) = postProject
		{68199586-1576-4C30-9CE6-0FFCAAD820C9} = {68199586-1576-4C30-9CE6-0FFCAAD820C9}
	EndProjectSection
EndProject
Project("{9A19103F-16F7-4668-BE54-9A1E7A4F7556}") = "SenderToFile", "SenderToFile\SenderToFile.csproj", "{FD5CF7D7-C47A-4D8E-B341-D2B76B591FCF}"
EndProject
Project("{9A19103F-16F7-4668-BE54-9A1E7A4F7556}") = "SenderFilter", "SenderFilter\SenderFilter.csproj", "{1AD5B0B8-7111-4440-A143-926CA69AD45D}"
EndProject
Project("{9A19103F-16F7-4668-BE54-9A1E7A4F7556}") = "ReceiverFileSystem", "ReceiverFileSystem\ReceiverFileSystem.csproj", "{46BEA921-B6C5-42C2-8D9C-1DFC8AF567EE}"
EndProject
Project("{9A19103F-16F7-4668-BE54-9A1E7A4F7556}") = "ReceiverJob", "ReceiverJob\ReceiverJob.csproj", "{2031F3BA-0A1E-4B3C-84DC-ACA2B0D49516}"
EndProject
Project("{9A19103F-16F7-4668-BE54-9A1E7A4F7556}") = "Logging", "Logging\Logging.csproj", "{68199586-1576-4C30-9CE6-0FFCAAD820C9}"
EndProject
Project("{9A19103F-16F7-4668-BE54-9A1E7A4F7556}") = "SenderAction", "SenderAction\SenderAction.csproj", "{688D42AB-D7B2-4385-A142-A3BDB713B4A7}"
EndProject
Project("{9A19103F-16F7-4668-BE54-9A1E7A4F7556}") = "SenderAzureIoTHub", "SenderAzureIoTHub\SenderAzureIoTHub.csproj", "{DC6FDDB6-82B5-4F6D-96E0-30F98815ABDA}"
EndProject
Project("{9A19103F-16F7-4668-BE54-9A1E7A4F7556}") = "SenderHttp", "SenderHttp\SenderHttp.csproj", "{48D4A7EB-D611-4E4E-8B46-505E49F996EC}"
EndProject
Project("{9A19103F-16F7-4668-BE54-9A1E7A4F7556}") = "StringInterpreter", "StringInterpreter\StringInterpreter.csproj", "{B9801BC6-465B-4BEB-BD66-EA74BC0F3A8F}"
EndProject
Project("{9A19103F-16F7-4668-BE54-9A1E7A4F7556}") = "CommonDB", "CommonDB\CommonDB.csproj", "{A2315DC7-EEAF-4FCF-98E4-0289D70A2BA5}"
EndProject
Project("{9A19103F-16F7-4668-BE54-9A1E7A4F7556}") = "SenderBulkCopy", "SenderBulkCopy\SenderBulkCopy.csproj", "{EBB5AD99-7EE6-4088-A3CD-83A94DD19FB3}"
EndProject
Project("{9A19103F-16F7-4668-BE54-9A1E7A4F7556}") = "ReceiverDatabaseObjects", "ReceiverDatabaseObjects\ReceiverDatabaseObjects.csproj", "{C44D22E0-EF6A-46BD-B71A-E655FC166745}"
EndProject
Project("{9A19103F-16F7-4668-BE54-9A1E7A4F7556}") = "ReceiverDatabaseObjectsSqlServer", "ReceiverDatabaseObjectsSqlServer\ReceiverDatabaseObjectsSqlServer.csproj", "{7BCC74E7-1F9E-4FD5-A8A5-DF1EF4253305}"
EndProject
Project("{9A19103F-16F7-4668-BE54-9A1E7A4F7556}") = "StankinsDemos", "StankinsDemos\StankinsDemos.csproj", "{CCEDE31E-DF68-40FC-9491-F9AAC8C33F93}"
EndProject
Project("{9A19103F-16F7-4668-BE54-9A1E7A4F7556}") = "ReceiverJSON", "ReceiverJSON\ReceiverJSON.csproj", "{483806BB-4C0B-4FDB-BAA2-2FD47FB0F82E}"
EndProject
Project("{9A19103F-16F7-4668-BE54-9A1E7A4F7556}") = "ReceiverAzureIoTHub", "ReceiverAzureIoTHub\ReceiverAzureIoTHub.csproj", "{57A0CB9B-41A0-4DE3-A8EC-4F6180E2E328}"
EndProject
Project("{9A19103F-16F7-4668-BE54-9A1E7A4F7556}") = "SenderUnzipFiles", "SenderUnzipFiles\SenderUnzipFiles.csproj", "{5253DADF-7EF4-4E52-B242-AD8D6804DA7C}"
EndProject
Project("{FAE04EC0-301F-11D3-BF4B-00C04F79EFBC}") = "SenderToDB", "SenderToDB\SenderToDB.csproj", "{5D7C5F61-C817-41CE-968B-41347B2098A5}"
EndProject
Project("{FAE04EC0-301F-11D3-BF4B-00C04F79EFBC}") = "SenderToDBSqlServer", "SenderoToDBSqlServer\SenderToDBSqlServer.csproj", "{C5892C6C-D33C-4CA1-93A0-86596F2F63C7}"
EndProject
Global
	GlobalSection(SolutionConfigurationPlatforms) = preSolution
		Debug|Any CPU = Debug|Any CPU
		Release|Any CPU = Release|Any CPU
	EndGlobalSection
	GlobalSection(ProjectConfigurationPlatforms) = postSolution
		{A8FD3C16-D79D-478C-9BC3-6E44F9684553}.Debug|Any CPU.ActiveCfg = Debug|Any CPU
		{A8FD3C16-D79D-478C-9BC3-6E44F9684553}.Debug|Any CPU.Build.0 = Debug|Any CPU
		{A8FD3C16-D79D-478C-9BC3-6E44F9684553}.Release|Any CPU.ActiveCfg = Release|Any CPU
		{A8FD3C16-D79D-478C-9BC3-6E44F9684553}.Release|Any CPU.Build.0 = Release|Any CPU
		{E14DD57C-8E88-4E76-88E5-0AD3BBB4899D}.Debug|Any CPU.ActiveCfg = Debug|Any CPU
		{E14DD57C-8E88-4E76-88E5-0AD3BBB4899D}.Debug|Any CPU.Build.0 = Debug|Any CPU
		{E14DD57C-8E88-4E76-88E5-0AD3BBB4899D}.Release|Any CPU.ActiveCfg = Release|Any CPU
		{E14DD57C-8E88-4E76-88E5-0AD3BBB4899D}.Release|Any CPU.Build.0 = Release|Any CPU
		{CFFDC8EB-BCD8-46C2-B316-3B615738B543}.Debug|Any CPU.ActiveCfg = Debug|Any CPU
		{CFFDC8EB-BCD8-46C2-B316-3B615738B543}.Debug|Any CPU.Build.0 = Debug|Any CPU
		{CFFDC8EB-BCD8-46C2-B316-3B615738B543}.Release|Any CPU.ActiveCfg = Release|Any CPU
		{CFFDC8EB-BCD8-46C2-B316-3B615738B543}.Release|Any CPU.Build.0 = Release|Any CPU
		{683B8B47-28A6-4CDB-A2C9-2620DDAD7E06}.Debug|Any CPU.ActiveCfg = Debug|Any CPU
		{683B8B47-28A6-4CDB-A2C9-2620DDAD7E06}.Debug|Any CPU.Build.0 = Debug|Any CPU
		{683B8B47-28A6-4CDB-A2C9-2620DDAD7E06}.Release|Any CPU.ActiveCfg = Release|Any CPU
		{683B8B47-28A6-4CDB-A2C9-2620DDAD7E06}.Release|Any CPU.Build.0 = Release|Any CPU
		{B0563678-25C3-492B-9B70-7AAC03DC5228}.Debug|Any CPU.ActiveCfg = Debug|Any CPU
		{B0563678-25C3-492B-9B70-7AAC03DC5228}.Debug|Any CPU.Build.0 = Debug|Any CPU
		{B0563678-25C3-492B-9B70-7AAC03DC5228}.Release|Any CPU.ActiveCfg = Release|Any CPU
		{B0563678-25C3-492B-9B70-7AAC03DC5228}.Release|Any CPU.Build.0 = Release|Any CPU
		{A831FA87-BF5E-495A-BCC0-AF3602940113}.Debug|Any CPU.ActiveCfg = Debug|Any CPU
		{A831FA87-BF5E-495A-BCC0-AF3602940113}.Debug|Any CPU.Build.0 = Debug|Any CPU
		{A831FA87-BF5E-495A-BCC0-AF3602940113}.Release|Any CPU.ActiveCfg = Release|Any CPU
		{A831FA87-BF5E-495A-BCC0-AF3602940113}.Release|Any CPU.Build.0 = Release|Any CPU
		{7D6B21D8-3C27-48DB-976B-639CAE1120FB}.Debug|Any CPU.ActiveCfg = Debug|Any CPU
		{7D6B21D8-3C27-48DB-976B-639CAE1120FB}.Debug|Any CPU.Build.0 = Debug|Any CPU
		{7D6B21D8-3C27-48DB-976B-639CAE1120FB}.Release|Any CPU.ActiveCfg = Release|Any CPU
		{7D6B21D8-3C27-48DB-976B-639CAE1120FB}.Release|Any CPU.Build.0 = Release|Any CPU
		{61817849-19B8-4A5F-8B41-14AB279CADE9}.Debug|Any CPU.ActiveCfg = Debug|Any CPU
		{61817849-19B8-4A5F-8B41-14AB279CADE9}.Debug|Any CPU.Build.0 = Debug|Any CPU
		{61817849-19B8-4A5F-8B41-14AB279CADE9}.Release|Any CPU.ActiveCfg = Release|Any CPU
		{61817849-19B8-4A5F-8B41-14AB279CADE9}.Release|Any CPU.Build.0 = Release|Any CPU
		{144231F1-60F3-4B7A-9DFB-BA26DC4A71C6}.Debug|Any CPU.ActiveCfg = Debug|Any CPU
		{144231F1-60F3-4B7A-9DFB-BA26DC4A71C6}.Debug|Any CPU.Build.0 = Debug|Any CPU
		{144231F1-60F3-4B7A-9DFB-BA26DC4A71C6}.Release|Any CPU.ActiveCfg = Release|Any CPU
		{144231F1-60F3-4B7A-9DFB-BA26DC4A71C6}.Release|Any CPU.Build.0 = Release|Any CPU
		{F725DA3D-5BB7-4689-9400-C2FC712D4343}.Debug|Any CPU.ActiveCfg = Debug|Any CPU
		{F725DA3D-5BB7-4689-9400-C2FC712D4343}.Debug|Any CPU.Build.0 = Debug|Any CPU
		{F725DA3D-5BB7-4689-9400-C2FC712D4343}.Release|Any CPU.ActiveCfg = Release|Any CPU
		{F725DA3D-5BB7-4689-9400-C2FC712D4343}.Release|Any CPU.Build.0 = Release|Any CPU
		{E8020EF2-A945-4780-8E8E-50423A662177}.Debug|Any CPU.ActiveCfg = Debug|Any CPU
		{E8020EF2-A945-4780-8E8E-50423A662177}.Debug|Any CPU.Build.0 = Debug|Any CPU
		{E8020EF2-A945-4780-8E8E-50423A662177}.Release|Any CPU.ActiveCfg = Release|Any CPU
		{E8020EF2-A945-4780-8E8E-50423A662177}.Release|Any CPU.Build.0 = Release|Any CPU
		{19DD0C36-3553-49E5-A2FF-E8A44DA39653}.Debug|Any CPU.ActiveCfg = Debug|Any CPU
		{19DD0C36-3553-49E5-A2FF-E8A44DA39653}.Debug|Any CPU.Build.0 = Debug|Any CPU
		{19DD0C36-3553-49E5-A2FF-E8A44DA39653}.Release|Any CPU.ActiveCfg = Release|Any CPU
		{19DD0C36-3553-49E5-A2FF-E8A44DA39653}.Release|Any CPU.Build.0 = Release|Any CPU
		{BAF69281-A936-438C-9246-549097A237DC}.Debug|Any CPU.ActiveCfg = Debug|Any CPU
		{BAF69281-A936-438C-9246-549097A237DC}.Debug|Any CPU.Build.0 = Debug|Any CPU
		{BAF69281-A936-438C-9246-549097A237DC}.Release|Any CPU.ActiveCfg = Release|Any CPU
		{BAF69281-A936-438C-9246-549097A237DC}.Release|Any CPU.Build.0 = Release|Any CPU
		{E0D603B5-2ABB-4907-BD2B-C9A90C09A7A4}.Debug|Any CPU.ActiveCfg = Debug|Any CPU
		{E0D603B5-2ABB-4907-BD2B-C9A90C09A7A4}.Debug|Any CPU.Build.0 = Debug|Any CPU
		{E0D603B5-2ABB-4907-BD2B-C9A90C09A7A4}.Release|Any CPU.ActiveCfg = Release|Any CPU
		{E0D603B5-2ABB-4907-BD2B-C9A90C09A7A4}.Release|Any CPU.Build.0 = Release|Any CPU
		{B21EAEB4-5C58-42E8-B608-FB28CFC558D1}.Debug|Any CPU.ActiveCfg = Debug|Any CPU
		{B21EAEB4-5C58-42E8-B608-FB28CFC558D1}.Debug|Any CPU.Build.0 = Debug|Any CPU
		{B21EAEB4-5C58-42E8-B608-FB28CFC558D1}.Release|Any CPU.ActiveCfg = Release|Any CPU
		{B21EAEB4-5C58-42E8-B608-FB28CFC558D1}.Release|Any CPU.Build.0 = Release|Any CPU
		{4161B15B-6EA7-42D3-ADC4-BC93D17386B0}.Debug|Any CPU.ActiveCfg = Debug|Any CPU
		{4161B15B-6EA7-42D3-ADC4-BC93D17386B0}.Debug|Any CPU.Build.0 = Debug|Any CPU
		{4161B15B-6EA7-42D3-ADC4-BC93D17386B0}.Release|Any CPU.ActiveCfg = Release|Any CPU
		{4161B15B-6EA7-42D3-ADC4-BC93D17386B0}.Release|Any CPU.Build.0 = Release|Any CPU
		{FB949DD7-4F01-4607-A679-A6E7220A5C63}.Debug|Any CPU.ActiveCfg = Debug|Any CPU
		{FB949DD7-4F01-4607-A679-A6E7220A5C63}.Debug|Any CPU.Build.0 = Debug|Any CPU
		{FB949DD7-4F01-4607-A679-A6E7220A5C63}.Release|Any CPU.ActiveCfg = Release|Any CPU
		{FB949DD7-4F01-4607-A679-A6E7220A5C63}.Release|Any CPU.Build.0 = Release|Any CPU
		{B5FC4445-94ED-49BB-AC51-59D8EECB83F2}.Debug|Any CPU.ActiveCfg = Debug|Any CPU
		{B5FC4445-94ED-49BB-AC51-59D8EECB83F2}.Debug|Any CPU.Build.0 = Debug|Any CPU
		{B5FC4445-94ED-49BB-AC51-59D8EECB83F2}.Release|Any CPU.ActiveCfg = Release|Any CPU
		{B5FC4445-94ED-49BB-AC51-59D8EECB83F2}.Release|Any CPU.Build.0 = Release|Any CPU
		{29E81A69-4CC3-4475-8175-0083E695AB26}.Debug|Any CPU.ActiveCfg = Debug|Any CPU
		{29E81A69-4CC3-4475-8175-0083E695AB26}.Debug|Any CPU.Build.0 = Debug|Any CPU
		{29E81A69-4CC3-4475-8175-0083E695AB26}.Release|Any CPU.ActiveCfg = Release|Any CPU
		{29E81A69-4CC3-4475-8175-0083E695AB26}.Release|Any CPU.Build.0 = Release|Any CPU
		{BD8AF64B-502A-41B5-9F8D-A3E332C87B09}.Debug|Any CPU.ActiveCfg = Debug|Any CPU
		{BD8AF64B-502A-41B5-9F8D-A3E332C87B09}.Debug|Any CPU.Build.0 = Debug|Any CPU
		{BD8AF64B-502A-41B5-9F8D-A3E332C87B09}.Release|Any CPU.ActiveCfg = Release|Any CPU
		{BD8AF64B-502A-41B5-9F8D-A3E332C87B09}.Release|Any CPU.Build.0 = Release|Any CPU
		{6B1A50B3-BE83-4441-81B7-84CD46AF10C1}.Debug|Any CPU.ActiveCfg = Debug|Any CPU
		{6B1A50B3-BE83-4441-81B7-84CD46AF10C1}.Debug|Any CPU.Build.0 = Debug|Any CPU
		{6B1A50B3-BE83-4441-81B7-84CD46AF10C1}.Release|Any CPU.ActiveCfg = Release|Any CPU
		{6B1A50B3-BE83-4441-81B7-84CD46AF10C1}.Release|Any CPU.Build.0 = Release|Any CPU
		{FD5CF7D7-C47A-4D8E-B341-D2B76B591FCF}.Debug|Any CPU.ActiveCfg = Debug|Any CPU
		{FD5CF7D7-C47A-4D8E-B341-D2B76B591FCF}.Debug|Any CPU.Build.0 = Debug|Any CPU
		{FD5CF7D7-C47A-4D8E-B341-D2B76B591FCF}.Release|Any CPU.ActiveCfg = Release|Any CPU
		{FD5CF7D7-C47A-4D8E-B341-D2B76B591FCF}.Release|Any CPU.Build.0 = Release|Any CPU
		{1AD5B0B8-7111-4440-A143-926CA69AD45D}.Debug|Any CPU.ActiveCfg = Debug|Any CPU
		{1AD5B0B8-7111-4440-A143-926CA69AD45D}.Debug|Any CPU.Build.0 = Debug|Any CPU
		{1AD5B0B8-7111-4440-A143-926CA69AD45D}.Release|Any CPU.ActiveCfg = Release|Any CPU
		{1AD5B0B8-7111-4440-A143-926CA69AD45D}.Release|Any CPU.Build.0 = Release|Any CPU
		{46BEA921-B6C5-42C2-8D9C-1DFC8AF567EE}.Debug|Any CPU.ActiveCfg = Debug|Any CPU
		{46BEA921-B6C5-42C2-8D9C-1DFC8AF567EE}.Debug|Any CPU.Build.0 = Debug|Any CPU
		{46BEA921-B6C5-42C2-8D9C-1DFC8AF567EE}.Release|Any CPU.ActiveCfg = Release|Any CPU
		{46BEA921-B6C5-42C2-8D9C-1DFC8AF567EE}.Release|Any CPU.Build.0 = Release|Any CPU
		{2031F3BA-0A1E-4B3C-84DC-ACA2B0D49516}.Debug|Any CPU.ActiveCfg = Debug|Any CPU
		{2031F3BA-0A1E-4B3C-84DC-ACA2B0D49516}.Debug|Any CPU.Build.0 = Debug|Any CPU
		{2031F3BA-0A1E-4B3C-84DC-ACA2B0D49516}.Release|Any CPU.ActiveCfg = Release|Any CPU
		{2031F3BA-0A1E-4B3C-84DC-ACA2B0D49516}.Release|Any CPU.Build.0 = Release|Any CPU
		{68199586-1576-4C30-9CE6-0FFCAAD820C9}.Debug|Any CPU.ActiveCfg = Debug|Any CPU
		{68199586-1576-4C30-9CE6-0FFCAAD820C9}.Debug|Any CPU.Build.0 = Debug|Any CPU
		{68199586-1576-4C30-9CE6-0FFCAAD820C9}.Release|Any CPU.ActiveCfg = Release|Any CPU
		{68199586-1576-4C30-9CE6-0FFCAAD820C9}.Release|Any CPU.Build.0 = Release|Any CPU
		{688D42AB-D7B2-4385-A142-A3BDB713B4A7}.Debug|Any CPU.ActiveCfg = Debug|Any CPU
		{688D42AB-D7B2-4385-A142-A3BDB713B4A7}.Debug|Any CPU.Build.0 = Debug|Any CPU
		{688D42AB-D7B2-4385-A142-A3BDB713B4A7}.Release|Any CPU.ActiveCfg = Release|Any CPU
		{688D42AB-D7B2-4385-A142-A3BDB713B4A7}.Release|Any CPU.Build.0 = Release|Any CPU
		{DC6FDDB6-82B5-4F6D-96E0-30F98815ABDA}.Debug|Any CPU.ActiveCfg = Debug|Any CPU
		{DC6FDDB6-82B5-4F6D-96E0-30F98815ABDA}.Debug|Any CPU.Build.0 = Debug|Any CPU
		{DC6FDDB6-82B5-4F6D-96E0-30F98815ABDA}.Release|Any CPU.ActiveCfg = Release|Any CPU
		{DC6FDDB6-82B5-4F6D-96E0-30F98815ABDA}.Release|Any CPU.Build.0 = Release|Any CPU
		{48D4A7EB-D611-4E4E-8B46-505E49F996EC}.Debug|Any CPU.ActiveCfg = Debug|Any CPU
		{48D4A7EB-D611-4E4E-8B46-505E49F996EC}.Debug|Any CPU.Build.0 = Debug|Any CPU
		{48D4A7EB-D611-4E4E-8B46-505E49F996EC}.Release|Any CPU.ActiveCfg = Release|Any CPU
		{48D4A7EB-D611-4E4E-8B46-505E49F996EC}.Release|Any CPU.Build.0 = Release|Any CPU
		{B9801BC6-465B-4BEB-BD66-EA74BC0F3A8F}.Debug|Any CPU.ActiveCfg = Debug|Any CPU
		{B9801BC6-465B-4BEB-BD66-EA74BC0F3A8F}.Debug|Any CPU.Build.0 = Debug|Any CPU
		{B9801BC6-465B-4BEB-BD66-EA74BC0F3A8F}.Release|Any CPU.ActiveCfg = Release|Any CPU
		{B9801BC6-465B-4BEB-BD66-EA74BC0F3A8F}.Release|Any CPU.Build.0 = Release|Any CPU
		{A2315DC7-EEAF-4FCF-98E4-0289D70A2BA5}.Debug|Any CPU.ActiveCfg = Debug|Any CPU
		{A2315DC7-EEAF-4FCF-98E4-0289D70A2BA5}.Debug|Any CPU.Build.0 = Debug|Any CPU
		{A2315DC7-EEAF-4FCF-98E4-0289D70A2BA5}.Release|Any CPU.ActiveCfg = Release|Any CPU
		{A2315DC7-EEAF-4FCF-98E4-0289D70A2BA5}.Release|Any CPU.Build.0 = Release|Any CPU
		{EBB5AD99-7EE6-4088-A3CD-83A94DD19FB3}.Debug|Any CPU.ActiveCfg = Debug|Any CPU
		{EBB5AD99-7EE6-4088-A3CD-83A94DD19FB3}.Debug|Any CPU.Build.0 = Debug|Any CPU
		{EBB5AD99-7EE6-4088-A3CD-83A94DD19FB3}.Release|Any CPU.ActiveCfg = Release|Any CPU
		{EBB5AD99-7EE6-4088-A3CD-83A94DD19FB3}.Release|Any CPU.Build.0 = Release|Any CPU
		{C44D22E0-EF6A-46BD-B71A-E655FC166745}.Debug|Any CPU.ActiveCfg = Debug|Any CPU
		{C44D22E0-EF6A-46BD-B71A-E655FC166745}.Debug|Any CPU.Build.0 = Debug|Any CPU
		{C44D22E0-EF6A-46BD-B71A-E655FC166745}.Release|Any CPU.ActiveCfg = Release|Any CPU
		{C44D22E0-EF6A-46BD-B71A-E655FC166745}.Release|Any CPU.Build.0 = Release|Any CPU
		{7BCC74E7-1F9E-4FD5-A8A5-DF1EF4253305}.Debug|Any CPU.ActiveCfg = Debug|Any CPU
		{7BCC74E7-1F9E-4FD5-A8A5-DF1EF4253305}.Debug|Any CPU.Build.0 = Debug|Any CPU
		{7BCC74E7-1F9E-4FD5-A8A5-DF1EF4253305}.Release|Any CPU.ActiveCfg = Release|Any CPU
		{7BCC74E7-1F9E-4FD5-A8A5-DF1EF4253305}.Release|Any CPU.Build.0 = Release|Any CPU
		{CCEDE31E-DF68-40FC-9491-F9AAC8C33F93}.Debug|Any CPU.ActiveCfg = Debug|Any CPU
		{CCEDE31E-DF68-40FC-9491-F9AAC8C33F93}.Debug|Any CPU.Build.0 = Debug|Any CPU
		{CCEDE31E-DF68-40FC-9491-F9AAC8C33F93}.Release|Any CPU.ActiveCfg = Release|Any CPU
		{CCEDE31E-DF68-40FC-9491-F9AAC8C33F93}.Release|Any CPU.Build.0 = Release|Any CPU
		{483806BB-4C0B-4FDB-BAA2-2FD47FB0F82E}.Debug|Any CPU.ActiveCfg = Debug|Any CPU
		{483806BB-4C0B-4FDB-BAA2-2FD47FB0F82E}.Debug|Any CPU.Build.0 = Debug|Any CPU
		{483806BB-4C0B-4FDB-BAA2-2FD47FB0F82E}.Release|Any CPU.ActiveCfg = Release|Any CPU
		{483806BB-4C0B-4FDB-BAA2-2FD47FB0F82E}.Release|Any CPU.Build.0 = Release|Any CPU
		{57A0CB9B-41A0-4DE3-A8EC-4F6180E2E328}.Debug|Any CPU.ActiveCfg = Debug|Any CPU
		{57A0CB9B-41A0-4DE3-A8EC-4F6180E2E328}.Debug|Any CPU.Build.0 = Debug|Any CPU
		{57A0CB9B-41A0-4DE3-A8EC-4F6180E2E328}.Release|Any CPU.ActiveCfg = Release|Any CPU
		{57A0CB9B-41A0-4DE3-A8EC-4F6180E2E328}.Release|Any CPU.Build.0 = Release|Any CPU
		{5253DADF-7EF4-4E52-B242-AD8D6804DA7C}.Debug|Any CPU.ActiveCfg = Debug|Any CPU
		{5253DADF-7EF4-4E52-B242-AD8D6804DA7C}.Debug|Any CPU.Build.0 = Debug|Any CPU
		{5253DADF-7EF4-4E52-B242-AD8D6804DA7C}.Release|Any CPU.ActiveCfg = Release|Any CPU
		{5253DADF-7EF4-4E52-B242-AD8D6804DA7C}.Release|Any CPU.Build.0 = Release|Any CPU
		{5D7C5F61-C817-41CE-968B-41347B2098A5}.Debug|Any CPU.ActiveCfg = Debug|Any CPU
		{5D7C5F61-C817-41CE-968B-41347B2098A5}.Debug|Any CPU.Build.0 = Debug|Any CPU
		{5D7C5F61-C817-41CE-968B-41347B2098A5}.Release|Any CPU.ActiveCfg = Release|Any CPU
		{5D7C5F61-C817-41CE-968B-41347B2098A5}.Release|Any CPU.Build.0 = Release|Any CPU
		{C5892C6C-D33C-4CA1-93A0-86596F2F63C7}.Debug|Any CPU.ActiveCfg = Debug|Any CPU
		{C5892C6C-D33C-4CA1-93A0-86596F2F63C7}.Debug|Any CPU.Build.0 = Debug|Any CPU
		{C5892C6C-D33C-4CA1-93A0-86596F2F63C7}.Release|Any CPU.ActiveCfg = Release|Any CPU
		{C5892C6C-D33C-4CA1-93A0-86596F2F63C7}.Release|Any CPU.Build.0 = Release|Any CPU
	EndGlobalSection
	GlobalSection(SolutionProperties) = preSolution
		HideSolutionNode = FALSE
	EndGlobalSection
	GlobalSection(ExtensibilityGlobals) = postSolution
		SolutionGuid = {B4C5D329-D2C2-42B2-BF9F-B7C61F9CA9CB}
	EndGlobalSection
EndGlobal
