
Microsoft Visual Studio Solution File, Format Version 12.00
# Visual Studio 15
VisualStudioVersion = 15.0.26730.8
MinimumVisualStudioVersion = 10.0.40219.1
Project("{9A19103F-16F7-4668-BE54-9A1E7A4F7556}") = "StankinsInterfaces", "StankinsInterfaces\StankinsInterfaces.csproj", "{A8FD3C16-D79D-478C-9BC3-6E44F9684553}"
EndProject
Project("{9A19103F-16F7-4668-BE54-9A1E7A4F7556}") = "StanskinsImplementation", "StanskinsImplementation\StanskinsImplementation.csproj", "{E14DD57C-8E88-4E76-88E5-0AD3BBB4899D}"
EndProject
Project("{9A19103F-16F7-4668-BE54-9A1E7A4F7556}") = "ReceiverDB", "ReceiverDB\ReceiverDB.csproj", "{683B8B47-28A6-4CDB-A2C9-2620DDAD7E06}"
	ProjectSection(ProjectDependencies) = postProject
		{68199586-1576-4C30-9CE6-0FFCAAD820C9} = {68199586-1576-4C30-9CE6-0FFCAAD820C9}
	EndProjectSection
EndProject
Project("{9A19103F-16F7-4668-BE54-9A1E7A4F7556}") = "ReceiverDBSQLite", "ReceiverDBSQLite\ReceiverDBSQLite.csproj", "{B0563678-25C3-492B-9B70-7AAC03DC5228}"
EndProject
Project("{9A19103F-16F7-4668-BE54-9A1E7A4F7556}") = "ReceiverDBSqlServer", "ReceiverDBSqlServer\ReceiverDBSqlServer.csproj", "{7D6B21D8-3C27-48DB-976B-639CAE1120FB}"
EndProject
Project("{9A19103F-16F7-4668-BE54-9A1E7A4F7556}") = "SenderElasticSearch", "SenderElasticSearch\SenderElasticSearch.csproj", "{61817849-19B8-4A5F-8B41-14AB279CADE9}"
EndProject
Project("{9A19103F-16F7-4668-BE54-9A1E7A4F7556}") = "ReceiverBookmarkExportChrome", "ReceiverBookmarkExportChrome\ReceiverBookmarkExportChrome.csproj", "{F725DA3D-5BB7-4689-9400-C2FC712D4343}"
	ProjectSection(ProjectDependencies) = postProject
		{68199586-1576-4C30-9CE6-0FFCAAD820C9} = {68199586-1576-4C30-9CE6-0FFCAAD820C9}
	EndProjectSection
EndProject
Project("{9A19103F-16F7-4668-BE54-9A1E7A4F7556}") = "ReceiverFile", "ReceiverFile\ReceiverFile.csproj", "{E8020EF2-A945-4780-8E8E-50423A662177}"
EndProject
Project("{9A19103F-16F7-4668-BE54-9A1E7A4F7556}") = "Transformers", "Transformers\Transformers.csproj", "{4161B15B-6EA7-42D3-ADC4-BC93D17386B0}"
EndProject
Project("{9A19103F-16F7-4668-BE54-9A1E7A4F7556}") = "ReceiverCSV", "ReceiverCSV\ReceiverCSV.csproj", "{FB949DD7-4F01-4607-A679-A6E7220A5C63}"
	ProjectSection(ProjectDependencies) = postProject
		{68199586-1576-4C30-9CE6-0FFCAAD820C9} = {68199586-1576-4C30-9CE6-0FFCAAD820C9}
	EndProjectSection
EndProject
Project("{9A19103F-16F7-4668-BE54-9A1E7A4F7556}") = "ReiceverDBStmtSqlServer", "ReiceverDBStmtSqlServer\ReiceverDBStmtSqlServer.csproj", "{B5FC4445-94ED-49BB-AC51-59D8EECB83F2}"
EndProject
Project("{9A19103F-16F7-4668-BE54-9A1E7A4F7556}") = "SenderDBStmtSqlServer", "SenderDBStmtSqlServer\SenderDBStmtSqlServer.csproj", "{BD8AF64B-502A-41B5-9F8D-A3E332C87B09}"
EndProject
Project("{9A19103F-16F7-4668-BE54-9A1E7A4F7556}") = "MediaTransform", "MediaTransform\MediaTransform.csproj", "{6B1A50B3-BE83-4441-81B7-84CD46AF10C1}"
	ProjectSection(ProjectDependencies) = postProject
		{68199586-1576-4C30-9CE6-0FFCAAD820C9} = {68199586-1576-4C30-9CE6-0FFCAAD820C9}
	EndProjectSection
EndProject
Project("{9A19103F-16F7-4668-BE54-9A1E7A4F7556}") = "SenderToFile", "SenderToFile\SenderToFile.csproj", "{FD5CF7D7-C47A-4D8E-B341-D2B76B591FCF}"
EndProject
Project("{9A19103F-16F7-4668-BE54-9A1E7A4F7556}") = "SenderFilter", "SenderFilter\SenderFilter.csproj", "{1AD5B0B8-7111-4440-A143-926CA69AD45D}"
EndProject
Project("{9A19103F-16F7-4668-BE54-9A1E7A4F7556}") = "ReceiverFileSystem", "ReceiverFileSystem\ReceiverFileSystem.csproj", "{46BEA921-B6C5-42C2-8D9C-1DFC8AF567EE}"
EndProject
Project("{9A19103F-16F7-4668-BE54-9A1E7A4F7556}") = "ReceiverJob", "ReceiverJob\ReceiverJob.csproj", "{2031F3BA-0A1E-4B3C-84DC-ACA2B0D49516}"
EndProject
Project("{9A19103F-16F7-4668-BE54-9A1E7A4F7556}") = "Logging", "Logging\Logging.csproj", "{68199586-1576-4C30-9CE6-0FFCAAD820C9}"
EndProject
Project("{FAE04EC0-301F-11D3-BF4B-00C04F79EFBC}") = "StankinsSimpleJobNET", "StankinsSimpleJobNET\StankinsSimpleJobNET.csproj", "{F79F1749-8671-4624-83A5-F6365D293495}"
EndProject
Project("{FAE04EC0-301F-11D3-BF4B-00C04F79EFBC}") = "StankinsSimpleFactoryNet", "StankinsSimpleFactoryNet\StankinsSimpleFactoryNet.csproj", "{2F6BE28C-CD17-4211-A759-6E4FF3FC9015}"
EndProject
Project("{FAE04EC0-301F-11D3-BF4B-00C04F79EFBC}") = "ReceiverOLEDB", "ReceiverOLEDB\ReceiverOLEDB.csproj", "{3C1F83FB-779D-4688-9E62-E44F728D3644}"
EndProject
Project("{FAE04EC0-301F-11D3-BF4B-00C04F79EFBC}") = "StankinsNetConsoleForTest", "StankinsNetConsoleForTest\StankinsNetConsoleForTest.csproj", "{58450D57-F4C9-466F-983C-CA980998E472}"
EndProject
Project("{9A19103F-16F7-4668-BE54-9A1E7A4F7556}") = "CommonDB", "CommonDB\CommonDB.csproj", "{017BCD65-3E96-4849-B28A-4AA1EAB59DAD}"
EndProject
Project("{9A19103F-16F7-4668-BE54-9A1E7A4F7556}") = "StringInterpreter", "StringInterpreter\StringInterpreter.csproj", "{E362E2BA-D5F9-4E72-A406-B0F7D689BF14}"
EndProject
Project("{9A19103F-16F7-4668-BE54-9A1E7A4F7556}") = "SenderBulkCopy", "SenderBulkCopy\SenderBulkCopy.csproj", "{7927CF05-AD82-48D7-A810-E5ADBDF23D4F}"
EndProject
Project("{FAE04EC0-301F-11D3-BF4B-00C04F79EFBC}") = "ReceiverSolution", "ReceiverSolution\ReceiverSolution.csproj", "{3EEE2BF4-E349-425C-9BAB-95FB3FA37679}"
EndProject
Project("{FAE04EC0-301F-11D3-BF4B-00C04F79EFBC}") = "ReceiverAzureIoTHubNETFramework", "ReceiverAzureIoTHubNETFramework\ReceiverAzureIoTHubNETFramework.csproj", "{2FE3E7F3-A832-4CCA-80C9-D576F1D8EF53}"
EndProject
Global
	GlobalSection(SolutionConfigurationPlatforms) = preSolution
		Debug|Any CPU = Debug|Any CPU
		Release|Any CPU = Release|Any CPU
	EndGlobalSection
	GlobalSection(ProjectConfigurationPlatforms) = postSolution
		{A8FD3C16-D79D-478C-9BC3-6E44F9684553}.Debug|Any CPU.ActiveCfg = Debug|Any CPU
		{A8FD3C16-D79D-478C-9BC3-6E44F9684553}.Debug|Any CPU.Build.0 = Debug|Any CPU
		{A8FD3C16-D79D-478C-9BC3-6E44F9684553}.Release|Any CPU.ActiveCfg = Release|Any CPU
		{A8FD3C16-D79D-478C-9BC3-6E44F9684553}.Release|Any CPU.Build.0 = Release|Any CPU
		{E14DD57C-8E88-4E76-88E5-0AD3BBB4899D}.Debug|Any CPU.ActiveCfg = Debug|Any CPU
		{E14DD57C-8E88-4E76-88E5-0AD3BBB4899D}.Debug|Any CPU.Build.0 = Debug|Any CPU
		{E14DD57C-8E88-4E76-88E5-0AD3BBB4899D}.Release|Any CPU.ActiveCfg = Release|Any CPU
		{E14DD57C-8E88-4E76-88E5-0AD3BBB4899D}.Release|Any CPU.Build.0 = Release|Any CPU
		{683B8B47-28A6-4CDB-A2C9-2620DDAD7E06}.Debug|Any CPU.ActiveCfg = Debug|Any CPU
		{683B8B47-28A6-4CDB-A2C9-2620DDAD7E06}.Debug|Any CPU.Build.0 = Debug|Any CPU
		{683B8B47-28A6-4CDB-A2C9-2620DDAD7E06}.Release|Any CPU.ActiveCfg = Release|Any CPU
		{683B8B47-28A6-4CDB-A2C9-2620DDAD7E06}.Release|Any CPU.Build.0 = Release|Any CPU
		{B0563678-25C3-492B-9B70-7AAC03DC5228}.Debug|Any CPU.ActiveCfg = Debug|Any CPU
		{B0563678-25C3-492B-9B70-7AAC03DC5228}.Debug|Any CPU.Build.0 = Debug|Any CPU
		{B0563678-25C3-492B-9B70-7AAC03DC5228}.Release|Any CPU.ActiveCfg = Release|Any CPU
		{B0563678-25C3-492B-9B70-7AAC03DC5228}.Release|Any CPU.Build.0 = Release|Any CPU
		{7D6B21D8-3C27-48DB-976B-639CAE1120FB}.Debug|Any CPU.ActiveCfg = Debug|Any CPU
		{7D6B21D8-3C27-48DB-976B-639CAE1120FB}.Debug|Any CPU.Build.0 = Debug|Any CPU
		{7D6B21D8-3C27-48DB-976B-639CAE1120FB}.Release|Any CPU.ActiveCfg = Release|Any CPU
		{7D6B21D8-3C27-48DB-976B-639CAE1120FB}.Release|Any CPU.Build.0 = Release|Any CPU
		{61817849-19B8-4A5F-8B41-14AB279CADE9}.Debug|Any CPU.ActiveCfg = Debug|Any CPU
		{61817849-19B8-4A5F-8B41-14AB279CADE9}.Debug|Any CPU.Build.0 = Debug|Any CPU
		{61817849-19B8-4A5F-8B41-14AB279CADE9}.Release|Any CPU.ActiveCfg = Release|Any CPU
		{61817849-19B8-4A5F-8B41-14AB279CADE9}.Release|Any CPU.Build.0 = Release|Any CPU
		{F725DA3D-5BB7-4689-9400-C2FC712D4343}.Debug|Any CPU.ActiveCfg = Debug|Any CPU
		{F725DA3D-5BB7-4689-9400-C2FC712D4343}.Debug|Any CPU.Build.0 = Debug|Any CPU
		{F725DA3D-5BB7-4689-9400-C2FC712D4343}.Release|Any CPU.ActiveCfg = Release|Any CPU
		{F725DA3D-5BB7-4689-9400-C2FC712D4343}.Release|Any CPU.Build.0 = Release|Any CPU
		{E8020EF2-A945-4780-8E8E-50423A662177}.Debug|Any CPU.ActiveCfg = Debug|Any CPU
		{E8020EF2-A945-4780-8E8E-50423A662177}.Debug|Any CPU.Build.0 = Debug|Any CPU
		{E8020EF2-A945-4780-8E8E-50423A662177}.Release|Any CPU.ActiveCfg = Release|Any CPU
		{E8020EF2-A945-4780-8E8E-50423A662177}.Release|Any CPU.Build.0 = Release|Any CPU
		{4161B15B-6EA7-42D3-ADC4-BC93D17386B0}.Debug|Any CPU.ActiveCfg = Debug|Any CPU
		{4161B15B-6EA7-42D3-ADC4-BC93D17386B0}.Debug|Any CPU.Build.0 = Debug|Any CPU
		{4161B15B-6EA7-42D3-ADC4-BC93D17386B0}.Release|Any CPU.ActiveCfg = Release|Any CPU
		{4161B15B-6EA7-42D3-ADC4-BC93D17386B0}.Release|Any CPU.Build.0 = Release|Any CPU
		{FB949DD7-4F01-4607-A679-A6E7220A5C63}.Debug|Any CPU.ActiveCfg = Debug|Any CPU
		{FB949DD7-4F01-4607-A679-A6E7220A5C63}.Debug|Any CPU.Build.0 = Debug|Any CPU
		{FB949DD7-4F01-4607-A679-A6E7220A5C63}.Release|Any CPU.ActiveCfg = Release|Any CPU
		{FB949DD7-4F01-4607-A679-A6E7220A5C63}.Release|Any CPU.Build.0 = Release|Any CPU
		{B5FC4445-94ED-49BB-AC51-59D8EECB83F2}.Debug|Any CPU.ActiveCfg = Debug|Any CPU
		{B5FC4445-94ED-49BB-AC51-59D8EECB83F2}.Debug|Any CPU.Build.0 = Debug|Any CPU
		{B5FC4445-94ED-49BB-AC51-59D8EECB83F2}.Release|Any CPU.ActiveCfg = Release|Any CPU
		{B5FC4445-94ED-49BB-AC51-59D8EECB83F2}.Release|Any CPU.Build.0 = Release|Any CPU
		{BD8AF64B-502A-41B5-9F8D-A3E332C87B09}.Debug|Any CPU.ActiveCfg = Debug|Any CPU
		{BD8AF64B-502A-41B5-9F8D-A3E332C87B09}.Debug|Any CPU.Build.0 = Debug|Any CPU
		{BD8AF64B-502A-41B5-9F8D-A3E332C87B09}.Release|Any CPU.ActiveCfg = Release|Any CPU
		{BD8AF64B-502A-41B5-9F8D-A3E332C87B09}.Release|Any CPU.Build.0 = Release|Any CPU
		{6B1A50B3-BE83-4441-81B7-84CD46AF10C1}.Debug|Any CPU.ActiveCfg = Debug|Any CPU
		{6B1A50B3-BE83-4441-81B7-84CD46AF10C1}.Debug|Any CPU.Build.0 = Debug|Any CPU
		{6B1A50B3-BE83-4441-81B7-84CD46AF10C1}.Release|Any CPU.ActiveCfg = Release|Any CPU
		{6B1A50B3-BE83-4441-81B7-84CD46AF10C1}.Release|Any CPU.Build.0 = Release|Any CPU
		{FD5CF7D7-C47A-4D8E-B341-D2B76B591FCF}.Debug|Any CPU.ActiveCfg = Debug|Any CPU
		{FD5CF7D7-C47A-4D8E-B341-D2B76B591FCF}.Debug|Any CPU.Build.0 = Debug|Any CPU
		{FD5CF7D7-C47A-4D8E-B341-D2B76B591FCF}.Release|Any CPU.ActiveCfg = Release|Any CPU
		{FD5CF7D7-C47A-4D8E-B341-D2B76B591FCF}.Release|Any CPU.Build.0 = Release|Any CPU
		{1AD5B0B8-7111-4440-A143-926CA69AD45D}.Debug|Any CPU.ActiveCfg = Debug|Any CPU
		{1AD5B0B8-7111-4440-A143-926CA69AD45D}.Debug|Any CPU.Build.0 = Debug|Any CPU
		{1AD5B0B8-7111-4440-A143-926CA69AD45D}.Release|Any CPU.ActiveCfg = Release|Any CPU
		{1AD5B0B8-7111-4440-A143-926CA69AD45D}.Release|Any CPU.Build.0 = Release|Any CPU
		{46BEA921-B6C5-42C2-8D9C-1DFC8AF567EE}.Debug|Any CPU.ActiveCfg = Debug|Any CPU
		{46BEA921-B6C5-42C2-8D9C-1DFC8AF567EE}.Debug|Any CPU.Build.0 = Debug|Any CPU
		{46BEA921-B6C5-42C2-8D9C-1DFC8AF567EE}.Release|Any CPU.ActiveCfg = Release|Any CPU
		{46BEA921-B6C5-42C2-8D9C-1DFC8AF567EE}.Release|Any CPU.Build.0 = Release|Any CPU
		{2031F3BA-0A1E-4B3C-84DC-ACA2B0D49516}.Debug|Any CPU.ActiveCfg = Debug|Any CPU
		{2031F3BA-0A1E-4B3C-84DC-ACA2B0D49516}.Debug|Any CPU.Build.0 = Debug|Any CPU
		{2031F3BA-0A1E-4B3C-84DC-ACA2B0D49516}.Release|Any CPU.ActiveCfg = Release|Any CPU
		{2031F3BA-0A1E-4B3C-84DC-ACA2B0D49516}.Release|Any CPU.Build.0 = Release|Any CPU
		{68199586-1576-4C30-9CE6-0FFCAAD820C9}.Debug|Any CPU.ActiveCfg = Debug|Any CPU
		{68199586-1576-4C30-9CE6-0FFCAAD820C9}.Debug|Any CPU.Build.0 = Debug|Any CPU
		{68199586-1576-4C30-9CE6-0FFCAAD820C9}.Release|Any CPU.ActiveCfg = Release|Any CPU
		{68199586-1576-4C30-9CE6-0FFCAAD820C9}.Release|Any CPU.Build.0 = Release|Any CPU
		{F79F1749-8671-4624-83A5-F6365D293495}.Debug|Any CPU.ActiveCfg = Debug|Any CPU
		{F79F1749-8671-4624-83A5-F6365D293495}.Debug|Any CPU.Build.0 = Debug|Any CPU
		{F79F1749-8671-4624-83A5-F6365D293495}.Release|Any CPU.ActiveCfg = Release|Any CPU
		{F79F1749-8671-4624-83A5-F6365D293495}.Release|Any CPU.Build.0 = Release|Any CPU
		{2F6BE28C-CD17-4211-A759-6E4FF3FC9015}.Debug|Any CPU.ActiveCfg = Debug|Any CPU
		{2F6BE28C-CD17-4211-A759-6E4FF3FC9015}.Debug|Any CPU.Build.0 = Debug|Any CPU
		{2F6BE28C-CD17-4211-A759-6E4FF3FC9015}.Release|Any CPU.ActiveCfg = Release|Any CPU
		{2F6BE28C-CD17-4211-A759-6E4FF3FC9015}.Release|Any CPU.Build.0 = Release|Any CPU
		{3C1F83FB-779D-4688-9E62-E44F728D3644}.Debug|Any CPU.ActiveCfg = Debug|Any CPU
		{3C1F83FB-779D-4688-9E62-E44F728D3644}.Debug|Any CPU.Build.0 = Debug|Any CPU
		{3C1F83FB-779D-4688-9E62-E44F728D3644}.Release|Any CPU.ActiveCfg = Release|Any CPU
		{3C1F83FB-779D-4688-9E62-E44F728D3644}.Release|Any CPU.Build.0 = Release|Any CPU
		{58450D57-F4C9-466F-983C-CA980998E472}.Debug|Any CPU.ActiveCfg = Debug|Any CPU
		{58450D57-F4C9-466F-983C-CA980998E472}.Debug|Any CPU.Build.0 = Debug|Any CPU
		{58450D57-F4C9-466F-983C-CA980998E472}.Release|Any CPU.ActiveCfg = Release|Any CPU
		{58450D57-F4C9-466F-983C-CA980998E472}.Release|Any CPU.Build.0 = Release|Any CPU
		{017BCD65-3E96-4849-B28A-4AA1EAB59DAD}.Debug|Any CPU.ActiveCfg = Debug|Any CPU
		{017BCD65-3E96-4849-B28A-4AA1EAB59DAD}.Debug|Any CPU.Build.0 = Debug|Any CPU
		{017BCD65-3E96-4849-B28A-4AA1EAB59DAD}.Release|Any CPU.ActiveCfg = Release|Any CPU
		{017BCD65-3E96-4849-B28A-4AA1EAB59DAD}.Release|Any CPU.Build.0 = Release|Any CPU
		{E362E2BA-D5F9-4E72-A406-B0F7D689BF14}.Debug|Any CPU.ActiveCfg = Debug|Any CPU
		{E362E2BA-D5F9-4E72-A406-B0F7D689BF14}.Debug|Any CPU.Build.0 = Debug|Any CPU
		{E362E2BA-D5F9-4E72-A406-B0F7D689BF14}.Release|Any CPU.ActiveCfg = Release|Any CPU
		{E362E2BA-D5F9-4E72-A406-B0F7D689BF14}.Release|Any CPU.Build.0 = Release|Any CPU
		{7927CF05-AD82-48D7-A810-E5ADBDF23D4F}.Debug|Any CPU.ActiveCfg = Debug|Any CPU
		{7927CF05-AD82-48D7-A810-E5ADBDF23D4F}.Debug|Any CPU.Build.0 = Debug|Any CPU
		{7927CF05-AD82-48D7-A810-E5ADBDF23D4F}.Release|Any CPU.ActiveCfg = Release|Any CPU
		{7927CF05-AD82-48D7-A810-E5ADBDF23D4F}.Release|Any CPU.Build.0 = Release|Any CPU
		{3EEE2BF4-E349-425C-9BAB-95FB3FA37679}.Debug|Any CPU.ActiveCfg = Debug|Any CPU
		{3EEE2BF4-E349-425C-9BAB-95FB3FA37679}.Debug|Any CPU.Build.0 = Debug|Any CPU
		{3EEE2BF4-E349-425C-9BAB-95FB3FA37679}.Release|Any CPU.ActiveCfg = Release|Any CPU
		{3EEE2BF4-E349-425C-9BAB-95FB3FA37679}.Release|Any CPU.Build.0 = Release|Any CPU
		{2FE3E7F3-A832-4CCA-80C9-D576F1D8EF53}.Debug|Any CPU.ActiveCfg = Debug|Any CPU
		{2FE3E7F3-A832-4CCA-80C9-D576F1D8EF53}.Debug|Any CPU.Build.0 = Debug|Any CPU
		{2FE3E7F3-A832-4CCA-80C9-D576F1D8EF53}.Release|Any CPU.ActiveCfg = Release|Any CPU
		{2FE3E7F3-A832-4CCA-80C9-D576F1D8EF53}.Release|Any CPU.Build.0 = Release|Any CPU
	EndGlobalSection
	GlobalSection(SolutionProperties) = preSolution
		HideSolutionNode = FALSE
	EndGlobalSection
	GlobalSection(ExtensibilityGlobals) = postSolution
		SolutionGuid = {B4C5D329-D2C2-42B2-BF9F-B7C61F9CA9CB}
	EndGlobalSection
EndGlobal
