
Microsoft Visual Studio Solution File, Format Version 12.00
# Visual Studio 15
VisualStudioVersion = 15.0.28010.2026
MinimumVisualStudioVersion = 10.0.40219.1
Project("{FAE04EC0-301F-11D3-BF4B-00C04F79EFBC}") = "Stankins.Interfaces", "Stankins.Interfaces\Stankins.Interfaces.csproj", "{AD565CAA-69B5-468F-9BF3-B89071C99F92}"
EndProject
Global
	GlobalSection(SolutionConfigurationPlatforms) = preSolution
		Debug|Any CPU = Debug|Any CPU
		Release|Any CPU = Release|Any CPU
	EndGlobalSection
	GlobalSection(ProjectConfigurationPlatforms) = postSolution
		{AD565CAA-69B5-468F-9BF3-B89071C99F92}.Debug|Any CPU.ActiveCfg = Debug|Any CPU
		{AD565CAA-69B5-468F-9BF3-B89071C99F92}.Debug|Any CPU.Build.0 = Debug|Any CPU
		{AD565CAA-69B5-468F-9BF3-B89071C99F92}.Release|Any CPU.ActiveCfg = Release|Any CPU
		{AD565CAA-69B5-468F-9BF3-B89071C99F92}.Release|Any CPU.Build.0 = Release|Any CPU
	EndGlobalSection
	GlobalSection(SolutionProperties) = preSolution
		HideSolutionNode = FALSE
	EndGlobalSection
	GlobalSection(ExtensibilityGlobals) = postSolution
		SolutionGuid = {15BBB074-1BF3-480A-8283-33DFBE508134}
	EndGlobalSection
EndGlobal
