
Microsoft Visual Studio Solution File, Format Version 12.00
# Visual Studio 15
VisualStudioVersion = 15.0.28010.2026
MinimumVisualStudioVersion = 10.0.40219.1
Project("{9A19103F-16F7-4668-BE54-9A1E7A4F7556}") = "Stankins.Interfaces", "Stankins.Interfaces\Stankins.Interfaces.csproj", "{AD565CAA-69B5-468F-9BF3-B89071C99F92}"
EndProject
Project("{9A19103F-16F7-4668-BE54-9A1E7A4F7556}") = "StankinsCommon", "StankinsCommon\StankinsCommon.csproj", "{48B51AD6-DB3C-4DE8-992D-5A0C4CD68A5E}"
EndProject
Project("{9A19103F-16F7-4668-BE54-9A1E7A4F7556}") = "StankinsObjects", "StankinsObjects\StankinsObjects.csproj", "{04A65750-0511-4B62-B5B9-AFB2974384DF}"
EndProject
Project("{9A19103F-16F7-4668-BE54-9A1E7A4F7556}") = "Stankins.File", "Stankins.File\Stankins.File.csproj", "{FB78070A-A487-48A9-B1F5-30F1432B8F0D}"
EndProject
Project("{9A19103F-16F7-4668-BE54-9A1E7A4F7556}") = "Stankins.Office", "Stankins.Office\Stankins.Office.csproj", "{3D31BFDA-9F51-474F-B33D-91D3041B540A}"
EndProject
Project("{9A19103F-16F7-4668-BE54-9A1E7A4F7556}") = "Stankins.HTML", "Stankins.HTML\Stankins.HTML.csproj", "{73290B5C-A0BC-4318-9208-9524D5F3CB2C}"
EndProject
Project("{9A19103F-16F7-4668-BE54-9A1E7A4F7556}") = "StankinsVariousConsole", "StankinsVariousConsole\StankinsVariousConsole.csproj", "{49402C7D-0891-4146-82FD-97C7188C07D5}"
EndProject
Project("{9A19103F-16F7-4668-BE54-9A1E7A4F7556}") = "Stankins.Razor", "Stankins.Razor\Stankins.Razor.csproj", "{D93D3CC6-42B5-4926-B080-2EF4B8873C8C}"
EndProject
Project("{9A19103F-16F7-4668-BE54-9A1E7A4F7556}") = "Stankins.Process", "Stankins.Process\Stankins.Process.csproj", "{749590F9-92CD-404E-9A6F-B389DA1797FC}"
EndProject
Project("{9A19103F-16F7-4668-BE54-9A1E7A4F7556}") = "Stankins.XML", "Stankins.XML\Stankins.XML.csproj", "{718A26C9-DC16-4A3D-B113-EC8AC983AB2F}"
EndProject
Project("{9A19103F-16F7-4668-BE54-9A1E7A4F7556}") = "Stankins.Amazon", "Stankins.Amazon\Stankins.Amazon.csproj", "{5EFDA49A-10B2-4B39-B28F-C2DFF130CEE3}"
EndProject
Project("{9A19103F-16F7-4668-BE54-9A1E7A4F7556}") = "Stankins.Alive", "Stankins.Alive\Stankins.Alive.csproj", "{6610F08F-54CD-4D86-852C-5E886367F512}"
EndProject
Project("{9A19103F-16F7-4668-BE54-9A1E7A4F7556}") = "StankinsAliveMonitor", "StankinsStatusWeb\StankinsAliveMonitor.csproj", "{C43C5DB4-A7DF-406F-92FF-73B1EB2BA867}"
EndProject
Project("{9A19103F-16F7-4668-BE54-9A1E7A4F7556}") = "FileVersionFromDir", "Stankins.WLW\FileVersionFromDir.csproj", "{B35F3127-6616-4643-B844-7B6C9EB46A4B}"
EndProject
Project("{9A19103F-16F7-4668-BE54-9A1E7A4F7556}") = "StankinsTestXUnit", "StankinsTestXUnit\StankinsTestXUnit.csproj", "{0C13E6CB-4A53-424D-A551-770AC476D74D}"
EndProject
Project("{9A19103F-16F7-4668-BE54-9A1E7A4F7556}") = "Stankins.AzureDevOps", "Stankins.AzureDevOps\Stankins.AzureDevOps.csproj", "{2C41153C-B3A4-4D9B-BB6E-6C8FBB44FF17}"
EndProject
Project("{9A19103F-16F7-4668-BE54-9A1E7A4F7556}") = "StankinsReceiverDB", "StankinsReceiverDB\StankinsReceiverDB.csproj", "{BCE68B67-C1CB-4874-9895-22BA9EB83888}"
EndProject
Project("{9A19103F-16F7-4668-BE54-9A1E7A4F7556}") = "Stankins.SqlServer", "Stankins.SqlServer\Stankins.SqlServer.csproj", "{7B667F9B-65F7-4D46-9F1B-EEBDA242FD8B}"
EndProject
Project("{9A19103F-16F7-4668-BE54-9A1E7A4F7556}") = "Stankins.Console", "Stankins.Console\Stankins.Console.csproj", "{DFBA0C30-44CE-4F72-8D03-3B7D96477F3F}"
EndProject
Project("{9A19103F-16F7-4668-BE54-9A1E7A4F7556}") = "Stankins.Version", "Stankins.Version\Stankins.Version.csproj", "{67E45ED6-AF66-43FD-A9D5-91520F5DD8DC}"
EndProject
Project("{9A19103F-16F7-4668-BE54-9A1E7A4F7556}") = "Stankins.AnalyzeSolution", "Stankins.AnalyzeSolution\Stankins.AnalyzeSolution.csproj", "{9B34C9FF-18B1-430E-8C13-2CED82B3509C}"
EndProject
Project("{9A19103F-16F7-4668-BE54-9A1E7A4F7556}") = "Stankins.AssemblyLoad", "Stankins.AssemblyLoad\Stankins.AssemblyLoad.csproj", "{B89F2335-01E6-4E81-A977-BBCB1046390E}"
EndProject
Project("{9A19103F-16F7-4668-BE54-9A1E7A4F7556}") = "StankinsHelperCommands", "StankinsHelperCommands\StankinsHelperCommands.csproj", "{AD7374B3-2321-4578-9146-7DD9F86E318B}"
EndProject
Project("{9A19103F-16F7-4668-BE54-9A1E7A4F7556}") = "Stankins.SimpleRecipes", "Stankins.SimpleRecipes\Stankins.SimpleRecipes.csproj", "{4E0843C2-1375-42F3-8B8A-10F4CA959A85}"
EndProject
Project("{9A19103F-16F7-4668-BE54-9A1E7A4F7556}") = "Stankins.Rest", "Stankins.Rest\Stankins.Rest.csproj", "{1F036AA4-0E9D-4A43-9DE2-D74EABBF44D4}"
EndProject
Project("{FAE04EC0-301F-11D3-BF4B-00C04F79EFBC}") = "Stankins.Interpreter", "Stankins.Interpreter\Stankins.Interpreter.csproj", "{026B243F-D55D-4BDC-B762-140F2477B9C7}"
EndProject
Global
	GlobalSection(SolutionConfigurationPlatforms) = preSolution
		Debug|Any CPU = Debug|Any CPU
		Release|Any CPU = Release|Any CPU
	EndGlobalSection
	GlobalSection(ProjectConfigurationPlatforms) = postSolution
		{AD565CAA-69B5-468F-9BF3-B89071C99F92}.Debug|Any CPU.ActiveCfg = Debug|Any CPU
		{AD565CAA-69B5-468F-9BF3-B89071C99F92}.Debug|Any CPU.Build.0 = Debug|Any CPU
		{AD565CAA-69B5-468F-9BF3-B89071C99F92}.Release|Any CPU.ActiveCfg = Release|Any CPU
		{AD565CAA-69B5-468F-9BF3-B89071C99F92}.Release|Any CPU.Build.0 = Release|Any CPU
		{48B51AD6-DB3C-4DE8-992D-5A0C4CD68A5E}.Debug|Any CPU.ActiveCfg = Debug|Any CPU
		{48B51AD6-DB3C-4DE8-992D-5A0C4CD68A5E}.Debug|Any CPU.Build.0 = Debug|Any CPU
		{48B51AD6-DB3C-4DE8-992D-5A0C4CD68A5E}.Release|Any CPU.ActiveCfg = Release|Any CPU
		{48B51AD6-DB3C-4DE8-992D-5A0C4CD68A5E}.Release|Any CPU.Build.0 = Release|Any CPU
		{04A65750-0511-4B62-B5B9-AFB2974384DF}.Debug|Any CPU.ActiveCfg = Debug|Any CPU
		{04A65750-0511-4B62-B5B9-AFB2974384DF}.Debug|Any CPU.Build.0 = Debug|Any CPU
		{04A65750-0511-4B62-B5B9-AFB2974384DF}.Release|Any CPU.ActiveCfg = Release|Any CPU
		{04A65750-0511-4B62-B5B9-AFB2974384DF}.Release|Any CPU.Build.0 = Release|Any CPU
		{FB78070A-A487-48A9-B1F5-30F1432B8F0D}.Debug|Any CPU.ActiveCfg = Debug|Any CPU
		{FB78070A-A487-48A9-B1F5-30F1432B8F0D}.Debug|Any CPU.Build.0 = Debug|Any CPU
		{FB78070A-A487-48A9-B1F5-30F1432B8F0D}.Release|Any CPU.ActiveCfg = Release|Any CPU
		{FB78070A-A487-48A9-B1F5-30F1432B8F0D}.Release|Any CPU.Build.0 = Release|Any CPU
		{3D31BFDA-9F51-474F-B33D-91D3041B540A}.Debug|Any CPU.ActiveCfg = Debug|Any CPU
		{3D31BFDA-9F51-474F-B33D-91D3041B540A}.Debug|Any CPU.Build.0 = Debug|Any CPU
		{3D31BFDA-9F51-474F-B33D-91D3041B540A}.Release|Any CPU.ActiveCfg = Release|Any CPU
		{3D31BFDA-9F51-474F-B33D-91D3041B540A}.Release|Any CPU.Build.0 = Release|Any CPU
		{73290B5C-A0BC-4318-9208-9524D5F3CB2C}.Debug|Any CPU.ActiveCfg = Debug|Any CPU
		{73290B5C-A0BC-4318-9208-9524D5F3CB2C}.Debug|Any CPU.Build.0 = Debug|Any CPU
		{73290B5C-A0BC-4318-9208-9524D5F3CB2C}.Release|Any CPU.ActiveCfg = Release|Any CPU
		{73290B5C-A0BC-4318-9208-9524D5F3CB2C}.Release|Any CPU.Build.0 = Release|Any CPU
		{49402C7D-0891-4146-82FD-97C7188C07D5}.Debug|Any CPU.ActiveCfg = Debug|Any CPU
		{49402C7D-0891-4146-82FD-97C7188C07D5}.Debug|Any CPU.Build.0 = Debug|Any CPU
		{49402C7D-0891-4146-82FD-97C7188C07D5}.Release|Any CPU.ActiveCfg = Release|Any CPU
		{49402C7D-0891-4146-82FD-97C7188C07D5}.Release|Any CPU.Build.0 = Release|Any CPU
		{D93D3CC6-42B5-4926-B080-2EF4B8873C8C}.Debug|Any CPU.ActiveCfg = Debug|Any CPU
		{D93D3CC6-42B5-4926-B080-2EF4B8873C8C}.Debug|Any CPU.Build.0 = Debug|Any CPU
		{D93D3CC6-42B5-4926-B080-2EF4B8873C8C}.Release|Any CPU.ActiveCfg = Release|Any CPU
		{D93D3CC6-42B5-4926-B080-2EF4B8873C8C}.Release|Any CPU.Build.0 = Release|Any CPU
		{749590F9-92CD-404E-9A6F-B389DA1797FC}.Debug|Any CPU.ActiveCfg = Debug|Any CPU
		{749590F9-92CD-404E-9A6F-B389DA1797FC}.Debug|Any CPU.Build.0 = Debug|Any CPU
		{749590F9-92CD-404E-9A6F-B389DA1797FC}.Release|Any CPU.ActiveCfg = Release|Any CPU
		{749590F9-92CD-404E-9A6F-B389DA1797FC}.Release|Any CPU.Build.0 = Release|Any CPU
		{718A26C9-DC16-4A3D-B113-EC8AC983AB2F}.Debug|Any CPU.ActiveCfg = Debug|Any CPU
		{718A26C9-DC16-4A3D-B113-EC8AC983AB2F}.Debug|Any CPU.Build.0 = Debug|Any CPU
		{718A26C9-DC16-4A3D-B113-EC8AC983AB2F}.Release|Any CPU.ActiveCfg = Release|Any CPU
		{718A26C9-DC16-4A3D-B113-EC8AC983AB2F}.Release|Any CPU.Build.0 = Release|Any CPU
		{5EFDA49A-10B2-4B39-B28F-C2DFF130CEE3}.Debug|Any CPU.ActiveCfg = Debug|Any CPU
		{5EFDA49A-10B2-4B39-B28F-C2DFF130CEE3}.Debug|Any CPU.Build.0 = Debug|Any CPU
		{5EFDA49A-10B2-4B39-B28F-C2DFF130CEE3}.Release|Any CPU.ActiveCfg = Release|Any CPU
		{5EFDA49A-10B2-4B39-B28F-C2DFF130CEE3}.Release|Any CPU.Build.0 = Release|Any CPU
		{6610F08F-54CD-4D86-852C-5E886367F512}.Debug|Any CPU.ActiveCfg = Debug|Any CPU
		{6610F08F-54CD-4D86-852C-5E886367F512}.Debug|Any CPU.Build.0 = Debug|Any CPU
		{6610F08F-54CD-4D86-852C-5E886367F512}.Release|Any CPU.ActiveCfg = Release|Any CPU
		{6610F08F-54CD-4D86-852C-5E886367F512}.Release|Any CPU.Build.0 = Release|Any CPU
		{C43C5DB4-A7DF-406F-92FF-73B1EB2BA867}.Debug|Any CPU.ActiveCfg = Debug|Any CPU
		{C43C5DB4-A7DF-406F-92FF-73B1EB2BA867}.Debug|Any CPU.Build.0 = Debug|Any CPU
		{C43C5DB4-A7DF-406F-92FF-73B1EB2BA867}.Release|Any CPU.ActiveCfg = Release|Any CPU
		{C43C5DB4-A7DF-406F-92FF-73B1EB2BA867}.Release|Any CPU.Build.0 = Release|Any CPU
		{B35F3127-6616-4643-B844-7B6C9EB46A4B}.Debug|Any CPU.ActiveCfg = Debug|Any CPU
		{B35F3127-6616-4643-B844-7B6C9EB46A4B}.Debug|Any CPU.Build.0 = Debug|Any CPU
		{B35F3127-6616-4643-B844-7B6C9EB46A4B}.Release|Any CPU.ActiveCfg = Release|Any CPU
		{B35F3127-6616-4643-B844-7B6C9EB46A4B}.Release|Any CPU.Build.0 = Release|Any CPU
		{0C13E6CB-4A53-424D-A551-770AC476D74D}.Debug|Any CPU.ActiveCfg = Debug|Any CPU
		{0C13E6CB-4A53-424D-A551-770AC476D74D}.Debug|Any CPU.Build.0 = Debug|Any CPU
		{0C13E6CB-4A53-424D-A551-770AC476D74D}.Release|Any CPU.ActiveCfg = Release|Any CPU
		{0C13E6CB-4A53-424D-A551-770AC476D74D}.Release|Any CPU.Build.0 = Release|Any CPU
		{2C41153C-B3A4-4D9B-BB6E-6C8FBB44FF17}.Debug|Any CPU.ActiveCfg = Debug|Any CPU
		{2C41153C-B3A4-4D9B-BB6E-6C8FBB44FF17}.Debug|Any CPU.Build.0 = Debug|Any CPU
		{2C41153C-B3A4-4D9B-BB6E-6C8FBB44FF17}.Release|Any CPU.ActiveCfg = Release|Any CPU
		{2C41153C-B3A4-4D9B-BB6E-6C8FBB44FF17}.Release|Any CPU.Build.0 = Release|Any CPU
		{BCE68B67-C1CB-4874-9895-22BA9EB83888}.Debug|Any CPU.ActiveCfg = Debug|Any CPU
		{BCE68B67-C1CB-4874-9895-22BA9EB83888}.Debug|Any CPU.Build.0 = Debug|Any CPU
		{BCE68B67-C1CB-4874-9895-22BA9EB83888}.Release|Any CPU.ActiveCfg = Release|Any CPU
		{BCE68B67-C1CB-4874-9895-22BA9EB83888}.Release|Any CPU.Build.0 = Release|Any CPU
		{7B667F9B-65F7-4D46-9F1B-EEBDA242FD8B}.Debug|Any CPU.ActiveCfg = Debug|Any CPU
		{7B667F9B-65F7-4D46-9F1B-EEBDA242FD8B}.Debug|Any CPU.Build.0 = Debug|Any CPU
		{7B667F9B-65F7-4D46-9F1B-EEBDA242FD8B}.Release|Any CPU.ActiveCfg = Release|Any CPU
		{7B667F9B-65F7-4D46-9F1B-EEBDA242FD8B}.Release|Any CPU.Build.0 = Release|Any CPU
		{DFBA0C30-44CE-4F72-8D03-3B7D96477F3F}.Debug|Any CPU.ActiveCfg = Debug|Any CPU
		{DFBA0C30-44CE-4F72-8D03-3B7D96477F3F}.Debug|Any CPU.Build.0 = Debug|Any CPU
		{DFBA0C30-44CE-4F72-8D03-3B7D96477F3F}.Release|Any CPU.ActiveCfg = Release|Any CPU
		{DFBA0C30-44CE-4F72-8D03-3B7D96477F3F}.Release|Any CPU.Build.0 = Release|Any CPU
		{67E45ED6-AF66-43FD-A9D5-91520F5DD8DC}.Debug|Any CPU.ActiveCfg = Debug|Any CPU
		{67E45ED6-AF66-43FD-A9D5-91520F5DD8DC}.Debug|Any CPU.Build.0 = Debug|Any CPU
		{67E45ED6-AF66-43FD-A9D5-91520F5DD8DC}.Release|Any CPU.ActiveCfg = Release|Any CPU
		{67E45ED6-AF66-43FD-A9D5-91520F5DD8DC}.Release|Any CPU.Build.0 = Release|Any CPU
		{9B34C9FF-18B1-430E-8C13-2CED82B3509C}.Debug|Any CPU.ActiveCfg = Debug|Any CPU
		{9B34C9FF-18B1-430E-8C13-2CED82B3509C}.Debug|Any CPU.Build.0 = Debug|Any CPU
		{9B34C9FF-18B1-430E-8C13-2CED82B3509C}.Release|Any CPU.ActiveCfg = Release|Any CPU
		{9B34C9FF-18B1-430E-8C13-2CED82B3509C}.Release|Any CPU.Build.0 = Release|Any CPU
		{B89F2335-01E6-4E81-A977-BBCB1046390E}.Debug|Any CPU.ActiveCfg = Debug|Any CPU
		{B89F2335-01E6-4E81-A977-BBCB1046390E}.Debug|Any CPU.Build.0 = Debug|Any CPU
		{B89F2335-01E6-4E81-A977-BBCB1046390E}.Release|Any CPU.ActiveCfg = Release|Any CPU
		{B89F2335-01E6-4E81-A977-BBCB1046390E}.Release|Any CPU.Build.0 = Release|Any CPU
		{AD7374B3-2321-4578-9146-7DD9F86E318B}.Debug|Any CPU.ActiveCfg = Debug|Any CPU
		{AD7374B3-2321-4578-9146-7DD9F86E318B}.Debug|Any CPU.Build.0 = Debug|Any CPU
		{AD7374B3-2321-4578-9146-7DD9F86E318B}.Release|Any CPU.ActiveCfg = Release|Any CPU
		{AD7374B3-2321-4578-9146-7DD9F86E318B}.Release|Any CPU.Build.0 = Release|Any CPU
		{4E0843C2-1375-42F3-8B8A-10F4CA959A85}.Debug|Any CPU.ActiveCfg = Debug|Any CPU
		{4E0843C2-1375-42F3-8B8A-10F4CA959A85}.Debug|Any CPU.Build.0 = Debug|Any CPU
		{4E0843C2-1375-42F3-8B8A-10F4CA959A85}.Release|Any CPU.ActiveCfg = Release|Any CPU
		{4E0843C2-1375-42F3-8B8A-10F4CA959A85}.Release|Any CPU.Build.0 = Release|Any CPU
		{1F036AA4-0E9D-4A43-9DE2-D74EABBF44D4}.Debug|Any CPU.ActiveCfg = Debug|Any CPU
		{1F036AA4-0E9D-4A43-9DE2-D74EABBF44D4}.Debug|Any CPU.Build.0 = Debug|Any CPU
		{1F036AA4-0E9D-4A43-9DE2-D74EABBF44D4}.Release|Any CPU.ActiveCfg = Release|Any CPU
		{1F036AA4-0E9D-4A43-9DE2-D74EABBF44D4}.Release|Any CPU.Build.0 = Release|Any CPU
		{026B243F-D55D-4BDC-B762-140F2477B9C7}.Debug|Any CPU.ActiveCfg = Debug|Any CPU
		{026B243F-D55D-4BDC-B762-140F2477B9C7}.Debug|Any CPU.Build.0 = Debug|Any CPU
		{026B243F-D55D-4BDC-B762-140F2477B9C7}.Release|Any CPU.ActiveCfg = Release|Any CPU
		{026B243F-D55D-4BDC-B762-140F2477B9C7}.Release|Any CPU.Build.0 = Release|Any CPU
	EndGlobalSection
	GlobalSection(SolutionProperties) = preSolution
		HideSolutionNode = FALSE
	EndGlobalSection
	GlobalSection(ExtensibilityGlobals) = postSolution
		SolutionGuid = {15BBB074-1BF3-480A-8283-33DFBE508134}
	EndGlobalSection
EndGlobal
