
Microsoft Visual Studio Solution File, Format Version 12.00
# Visual Studio 15
VisualStudioVersion = 15.0.28307.271
MinimumVisualStudioVersion = 10.0.40219.1
Project("{FAE04EC0-301F-11D3-BF4B-00C04F79EFBC}") = "ConsoleApp1", "ConsoleApp1\ConsoleApp1.csproj", "{0DE2E906-F771-413B-A816-66ED682B8E9A}"
EndProject
Global
	GlobalSection(SolutionConfigurationPlatforms) = preSolution
		Debug|Any CPU = Debug|Any CPU
		Release|Any CPU = Release|Any CPU
	EndGlobalSection
	GlobalSection(ProjectConfigurationPlatforms) = postSolution
		{0DE2E906-F771-413B-A816-66ED682B8E9A}.Debug|Any CPU.ActiveCfg = Debug|Any CPU
		{0DE2E906-F771-413B-A816-66ED682B8E9A}.Debug|Any CPU.Build.0 = Debug|Any CPU
		{0DE2E906-F771-413B-A816-66ED682B8E9A}.Release|Any CPU.ActiveCfg = Release|Any CPU
		{0DE2E906-F771-413B-A816-66ED682B8E9A}.Release|Any CPU.Build.0 = Release|Any CPU
	EndGlobalSection
	GlobalSection(SolutionProperties) = preSolution
		HideSolutionNode = FALSE
	EndGlobalSection
	GlobalSection(ExtensibilityGlobals) = postSolution
		SolutionGuid = {54082408-C07C-401E-8CAC-A9F6F794E907}
	EndGlobalSection
EndGlobal
